
Microsoft Visual Studio Solution File, Format Version 12.00
# Visual Studio 15
VisualStudioVersion = 15.0.28010.2036
MinimumVisualStudioVersion = 10.0.40219.1
Project("{FAE04EC0-301F-11D3-BF4B-00C04F79EFBC}") = "Projekt1", "Projekt1\Projekt1.csproj", "{C0DFB60B-B317-47E5-B496-A48E0D362739}"
EndProject
Global
	GlobalSection(SolutionConfigurationPlatforms) = preSolution
		Debug|Any CPU = Debug|Any CPU
		Release|Any CPU = Release|Any CPU
	EndGlobalSection
	GlobalSection(ProjectConfigurationPlatforms) = postSolution
		{C0DFB60B-B317-47E5-B496-A48E0D362739}.Debug|Any CPU.ActiveCfg = Debug|Any CPU
		{C0DFB60B-B317-47E5-B496-A48E0D362739}.Debug|Any CPU.Build.0 = Debug|Any CPU
		{C0DFB60B-B317-47E5-B496-A48E0D362739}.Release|Any CPU.ActiveCfg = Release|Any CPU
		{C0DFB60B-B317-47E5-B496-A48E0D362739}.Release|Any CPU.Build.0 = Release|Any CPU
	EndGlobalSection
	GlobalSection(SolutionProperties) = preSolution
		HideSolutionNode = FALSE
	EndGlobalSection
	GlobalSection(ExtensibilityGlobals) = postSolution
		SolutionGuid = {211798E2-9D79-44F7-99C9-E27CEFFABD11}
	EndGlobalSection
EndGlobal
